
Microsoft Visual Studio Solution File, Format Version 12.00
# Visual Studio Version 18
VisualStudioVersion = 18.3.11310.294 d18.3
MinimumVisualStudioVersion = 10.0.40219.1
Project("{2150E333-8FDC-42A3-9474-1A3956D46DE8}") = "src", "src", "{827E0CD3-B72D-47B6-A68D-7590B98EB39B}"
EndProject
Project("{FAE04EC0-301F-11D3-BF4B-00C04F79EFBC}") = "VertexCore.Application", "src\VertexCore.Application\VertexCore.Application.csproj", "{DF7C9D23-775C-491A-A9ED-6266F45DA981}"
EndProject
Project("{FAE04EC0-301F-11D3-BF4B-00C04F79EFBC}") = "VertexCore.Domain", "src\VertexCore.Domain\VertexCore.Domain.csproj", "{89DF3889-93B6-45FF-800B-0446F2097357}"
EndProject
Project("{FAE04EC0-301F-11D3-BF4B-00C04F79EFBC}") = "VertexCore.Infrastructure", "src\VertexCore.Infrastructure\VertexCore.Infrastructure.csproj", "{F3C13832-ADA3-4DC4-A8D6-22F3FAD12D58}"
EndProject
Project("{FAE04EC0-301F-11D3-BF4B-00C04F79EFBC}") = "VertexCore.WebAPI", "src\VertexCore.WebAPI\VertexCore.WebAPI.csproj", "{5F23EC08-21CC-4620-AE4D-4DBEBEC5D6FC}"
EndProject
Project("{2150E333-8FDC-42A3-9474-1A3956D46DE8}") = "tests", "tests", "{6B9DCC9E-F858-403D-BCDE-23A08409FC68}"
EndProject
Project("{FAE04EC0-301F-11D3-BF4B-00C04F79EFBC}") = "Vertex.Application.Tests", "tests\Vertex.Application.Tests\Vertex.Application.Tests.csproj", "{A76A563E-28EF-4651-9E32-6D4A60D4FA81}"
EndProject
Global
	GlobalSection(SolutionConfigurationPlatforms) = preSolution
		Debug|Any CPU = Debug|Any CPU
		Debug|x64 = Debug|x64
		Debug|x86 = Debug|x86
		Release|Any CPU = Release|Any CPU
		Release|x64 = Release|x64
		Release|x86 = Release|x86
	EndGlobalSection
	GlobalSection(ProjectConfigurationPlatforms) = postSolution
		{DF7C9D23-775C-491A-A9ED-6266F45DA981}.Debug|Any CPU.ActiveCfg = Debug|Any CPU
		{DF7C9D23-775C-491A-A9ED-6266F45DA981}.Debug|Any CPU.Build.0 = Debug|Any CPU
		{DF7C9D23-775C-491A-A9ED-6266F45DA981}.Debug|x64.ActiveCfg = Debug|Any CPU
		{DF7C9D23-775C-491A-A9ED-6266F45DA981}.Debug|x64.Build.0 = Debug|Any CPU
		{DF7C9D23-775C-491A-A9ED-6266F45DA981}.Debug|x86.ActiveCfg = Debug|Any CPU
		{DF7C9D23-775C-491A-A9ED-6266F45DA981}.Debug|x86.Build.0 = Debug|Any CPU
		{DF7C9D23-775C-491A-A9ED-6266F45DA981}.Release|Any CPU.ActiveCfg = Release|Any CPU
		{DF7C9D23-775C-491A-A9ED-6266F45DA981}.Release|Any CPU.Build.0 = Release|Any CPU
		{DF7C9D23-775C-491A-A9ED-6266F45DA981}.Release|x64.ActiveCfg = Release|Any CPU
		{DF7C9D23-775C-491A-A9ED-6266F45DA981}.Release|x64.Build.0 = Release|Any CPU
		{DF7C9D23-775C-491A-A9ED-6266F45DA981}.Release|x86.ActiveCfg = Release|Any CPU
		{DF7C9D23-775C-491A-A9ED-6266F45DA981}.Release|x86.Build.0 = Release|Any CPU
		{89DF3889-93B6-45FF-800B-0446F2097357}.Debug|Any CPU.ActiveCfg = Debug|Any CPU
		{89DF3889-93B6-45FF-800B-0446F2097357}.Debug|Any CPU.Build.0 = Debug|Any CPU
		{89DF3889-93B6-45FF-800B-0446F2097357}.Debug|x64.ActiveCfg = Debug|Any CPU
		{89DF3889-93B6-45FF-800B-0446F2097357}.Debug|x64.Build.0 = Debug|Any CPU
		{89DF3889-93B6-45FF-800B-0446F2097357}.Debug|x86.ActiveCfg = Debug|Any CPU
		{89DF3889-93B6-45FF-800B-0446F2097357}.Debug|x86.Build.0 = Debug|Any CPU
		{89DF3889-93B6-45FF-800B-0446F2097357}.Release|Any CPU.ActiveCfg = Release|Any CPU
		{89DF3889-93B6-45FF-800B-0446F2097357}.Release|Any CPU.Build.0 = Release|Any CPU
		{89DF3889-93B6-45FF-800B-0446F2097357}.Release|x64.ActiveCfg = Release|Any CPU
		{89DF3889-93B6-45FF-800B-0446F2097357}.Release|x64.Build.0 = Release|Any CPU
		{89DF3889-93B6-45FF-800B-0446F2097357}.Release|x86.ActiveCfg = Release|Any CPU
		{89DF3889-93B6-45FF-800B-0446F2097357}.Release|x86.Build.0 = Release|Any CPU
		{F3C13832-ADA3-4DC4-A8D6-22F3FAD12D58}.Debug|Any CPU.ActiveCfg = Debug|Any CPU
		{F3C13832-ADA3-4DC4-A8D6-22F3FAD12D58}.Debug|Any CPU.Build.0 = Debug|Any CPU
		{F3C13832-ADA3-4DC4-A8D6-22F3FAD12D58}.Debug|x64.ActiveCfg = Debug|Any CPU
		{F3C13832-ADA3-4DC4-A8D6-22F3FAD12D58}.Debug|x64.Build.0 = Debug|Any CPU
		{F3C13832-ADA3-4DC4-A8D6-22F3FAD12D58}.Debug|x86.ActiveCfg = Debug|Any CPU
		{F3C13832-ADA3-4DC4-A8D6-22F3FAD12D58}.Debug|x86.Build.0 = Debug|Any CPU
		{F3C13832-ADA3-4DC4-A8D6-22F3FAD12D58}.Release|Any CPU.ActiveCfg = Release|Any CPU
		{F3C13832-ADA3-4DC4-A8D6-22F3FAD12D58}.Release|Any CPU.Build.0 = Release|Any CPU
		{F3C13832-ADA3-4DC4-A8D6-22F3FAD12D58}.Release|x64.ActiveCfg = Release|Any CPU
		{F3C13832-ADA3-4DC4-A8D6-22F3FAD12D58}.Release|x64.Build.0 = Release|Any CPU
		{F3C13832-ADA3-4DC4-A8D6-22F3FAD12D58}.Release|x86.ActiveCfg = Release|Any CPU
		{F3C13832-ADA3-4DC4-A8D6-22F3FAD12D58}.Release|x86.Build.0 = Release|Any CPU
		{5F23EC08-21CC-4620-AE4D-4DBEBEC5D6FC}.Debug|Any CPU.ActiveCfg = Debug|Any CPU
		{5F23EC08-21CC-4620-AE4D-4DBEBEC5D6FC}.Debug|Any CPU.Build.0 = Debug|Any CPU
		{5F23EC08-21CC-4620-AE4D-4DBEBEC5D6FC}.Debug|x64.ActiveCfg = Debug|Any CPU
		{5F23EC08-21CC-4620-AE4D-4DBEBEC5D6FC}.Debug|x64.Build.0 = Debug|Any CPU
		{5F23EC08-21CC-4620-AE4D-4DBEBEC5D6FC}.Debug|x86.ActiveCfg = Debug|Any CPU
		{5F23EC08-21CC-4620-AE4D-4DBEBEC5D6FC}.Debug|x86.Build.0 = Debug|Any CPU
		{5F23EC08-21CC-4620-AE4D-4DBEBEC5D6FC}.Release|Any CPU.ActiveCfg = Release|Any CPU
		{5F23EC08-21CC-4620-AE4D-4DBEBEC5D6FC}.Release|Any CPU.Build.0 = Release|Any CPU
		{5F23EC08-21CC-4620-AE4D-4DBEBEC5D6FC}.Release|x64.ActiveCfg = Release|Any CPU
		{5F23EC08-21CC-4620-AE4D-4DBEBEC5D6FC}.Release|x64.Build.0 = Release|Any CPU
		{5F23EC08-21CC-4620-AE4D-4DBEBEC5D6FC}.Release|x86.ActiveCfg = Release|Any CPU
		{5F23EC08-21CC-4620-AE4D-4DBEBEC5D6FC}.Release|x86.Build.0 = Release|Any CPU
		{A76A563E-28EF-4651-9E32-6D4A60D4FA81}.Debug|Any CPU.ActiveCfg = Debug|Any CPU
		{A76A563E-28EF-4651-9E32-6D4A60D4FA81}.Debug|Any CPU.Build.0 = Debug|Any CPU
		{A76A563E-28EF-4651-9E32-6D4A60D4FA81}.Debug|x64.ActiveCfg = Debug|Any CPU
		{A76A563E-28EF-4651-9E32-6D4A60D4FA81}.Debug|x64.Build.0 = Debug|Any CPU
		{A76A563E-28EF-4651-9E32-6D4A60D4FA81}.Debug|x86.ActiveCfg = Debug|Any CPU
		{A76A563E-28EF-4651-9E32-6D4A60D4FA81}.Debug|x86.Build.0 = Debug|Any CPU
		{A76A563E-28EF-4651-9E32-6D4A60D4FA81}.Release|Any CPU.ActiveCfg = Release|Any CPU
		{A76A563E-28EF-4651-9E32-6D4A60D4FA81}.Release|Any CPU.Build.0 = Release|Any CPU
		{A76A563E-28EF-4651-9E32-6D4A60D4FA81}.Release|x64.ActiveCfg = Release|Any CPU
		{A76A563E-28EF-4651-9E32-6D4A60D4FA81}.Release|x64.Build.0 = Release|Any CPU
		{A76A563E-28EF-4651-9E32-6D4A60D4FA81}.Release|x86.ActiveCfg = Release|Any CPU
		{A76A563E-28EF-4651-9E32-6D4A60D4FA81}.Release|x86.Build.0 = Release|Any CPU
	EndGlobalSection
	GlobalSection(SolutionProperties) = preSolution
		HideSolutionNode = FALSE
	EndGlobalSection
	GlobalSection(NestedProjects) = preSolution
		{DF7C9D23-775C-491A-A9ED-6266F45DA981} = {827E0CD3-B72D-47B6-A68D-7590B98EB39B}
		{89DF3889-93B6-45FF-800B-0446F2097357} = {827E0CD3-B72D-47B6-A68D-7590B98EB39B}
		{F3C13832-ADA3-4DC4-A8D6-22F3FAD12D58} = {827E0CD3-B72D-47B6-A68D-7590B98EB39B}
		{5F23EC08-21CC-4620-AE4D-4DBEBEC5D6FC} = {827E0CD3-B72D-47B6-A68D-7590B98EB39B}
		{A76A563E-28EF-4651-9E32-6D4A60D4FA81} = {6B9DCC9E-F858-403D-BCDE-23A08409FC68}
	EndGlobalSection
	GlobalSection(ExtensibilityGlobals) = postSolution
		SolutionGuid = {D25882F7-AACE-4A2E-B3EB-A9C53AB3DFAF}
	EndGlobalSection
EndGlobal
